
Microsoft Visual Studio Solution File, Format Version 12.00
# Visual Studio Version 16
VisualStudioVersion = 25.0.1703.6
MinimumVisualStudioVersion = 10.0.40219.1
Project("{FAE04EC0-301F-11D3-BF4B-00C04F79EFBC}") = "SOnA", "SOnA\SOnA.csproj", "{21B504B6-E7F1-4D9D-B12F-3A037AE29DB5}"
EndProject
Project("{FAE04EC0-301F-11D3-BF4B-00C04F79EFBC}") = "Domain", "Domain\Domain.csproj", "{FFB413EB-BEB6-41EC-9A69-B9EAA1447274}"
EndProject
Global
	GlobalSection(SolutionConfigurationPlatforms) = preSolution
		Debug|Any CPU = Debug|Any CPU
		Release|Any CPU = Release|Any CPU
	EndGlobalSection
	GlobalSection(ProjectConfigurationPlatforms) = postSolution
		{21B504B6-E7F1-4D9D-B12F-3A037AE29DB5}.Debug|Any CPU.ActiveCfg = Debug|Any CPU
		{21B504B6-E7F1-4D9D-B12F-3A037AE29DB5}.Debug|Any CPU.Build.0 = Debug|Any CPU
		{21B504B6-E7F1-4D9D-B12F-3A037AE29DB5}.Release|Any CPU.ActiveCfg = Release|Any CPU
		{21B504B6-E7F1-4D9D-B12F-3A037AE29DB5}.Release|Any CPU.Build.0 = Release|Any CPU
		{FFB413EB-BEB6-41EC-9A69-B9EAA1447274}.Debug|Any CPU.ActiveCfg = Debug|Any CPU
		{FFB413EB-BEB6-41EC-9A69-B9EAA1447274}.Debug|Any CPU.Build.0 = Debug|Any CPU
		{FFB413EB-BEB6-41EC-9A69-B9EAA1447274}.Release|Any CPU.ActiveCfg = Release|Any CPU
		{FFB413EB-BEB6-41EC-9A69-B9EAA1447274}.Release|Any CPU.Build.0 = Release|Any CPU
	EndGlobalSection
	GlobalSection(SolutionProperties) = preSolution
		HideSolutionNode = FALSE
	EndGlobalSection
	GlobalSection(ExtensibilityGlobals) = postSolution
		SolutionGuid = {A121B546-3919-4936-B6C8-D6C13F5F86CA}
	EndGlobalSection
EndGlobal
